
Microsoft Visual Studio Solution File, Format Version 12.00
# Visual Studio 2012
Project("{FAE04EC0-301F-11D3-BF4B-00C04F79EFBC}") = "SitecoreLearnings.Web", "SitecoreLearnings.Web\SitecoreLearnings.Web.csproj", "{21395494-8C61-45B5-B970-0E3594EE081D}"
EndProject
Project("{2150E333-8FDC-42A3-9474-1A3956D46DE8}") = "Assets", "Assets", "{4CB3977B-7895-40C1-8EBD-D8AE8634F925}"
	ProjectSection(SolutionItems) = preProject
		Assets\Sitecore.Client.dll = Assets\Sitecore.Client.dll
		Assets\Sitecore.Kernel.dll = Assets\Sitecore.Kernel.dll
		Assets\Sitecore.Mvc.dll = Assets\Sitecore.Mvc.dll
	EndProjectSection
EndProject
Global
	GlobalSection(SolutionConfigurationPlatforms) = preSolution
		Debug|Any CPU = Debug|Any CPU
		Release|Any CPU = Release|Any CPU
	EndGlobalSection
	GlobalSection(ProjectConfigurationPlatforms) = postSolution
		{21395494-8C61-45B5-B970-0E3594EE081D}.Debug|Any CPU.ActiveCfg = Debug|Any CPU
		{21395494-8C61-45B5-B970-0E3594EE081D}.Debug|Any CPU.Build.0 = Debug|Any CPU
		{21395494-8C61-45B5-B970-0E3594EE081D}.Release|Any CPU.ActiveCfg = Release|Any CPU
		{21395494-8C61-45B5-B970-0E3594EE081D}.Release|Any CPU.Build.0 = Release|Any CPU
	EndGlobalSection
	GlobalSection(SolutionProperties) = preSolution
		HideSolutionNode = FALSE
	EndGlobalSection
EndGlobal
